
Microsoft Visual Studio Solution File, Format Version 12.00
# Visual Studio Version 17
VisualStudioVersion = 17.12.35527.113 d17.12
MinimumVisualStudioVersion = 10.0.40219.1
Project("{FAE04EC0-301F-11D3-BF4B-00C04F79EFBC}") = "WpfApp.Wpf", "WpfApp.Wpf\WpfApp.Wpf.csproj", "{0F01B533-6720-4A8A-AC58-C11BCA40416C}"
EndProject
Project("{FAE04EC0-301F-11D3-BF4B-00C04F79EFBC}") = "WpfApp.Core", "..\WpfApp.Core\WpfApp.Core.csproj", "{C923D20D-6015-4A25-8582-A84C091FB010}"
EndProject
Project("{FAE04EC0-301F-11D3-BF4B-00C04F79EFBC}") = "WpfApp.Tests", "..\WpfApp.Tests\WpfApp.Tests.csproj", "{C8EB0A5C-1877-4068-B746-D500B697BD53}"
EndProject
Global
	GlobalSection(SolutionConfigurationPlatforms) = preSolution
		Debug|Any CPU = Debug|Any CPU
		Release|Any CPU = Release|Any CPU
	EndGlobalSection
	GlobalSection(ProjectConfigurationPlatforms) = postSolution
		{0F01B533-6720-4A8A-AC58-C11BCA40416C}.Debug|Any CPU.ActiveCfg = Debug|Any CPU
		{0F01B533-6720-4A8A-AC58-C11BCA40416C}.Debug|Any CPU.Build.0 = Debug|Any CPU
		{0F01B533-6720-4A8A-AC58-C11BCA40416C}.Release|Any CPU.ActiveCfg = Release|Any CPU
		{0F01B533-6720-4A8A-AC58-C11BCA40416C}.Release|Any CPU.Build.0 = Release|Any CPU
		{C923D20D-6015-4A25-8582-A84C091FB010}.Debug|Any CPU.ActiveCfg = Debug|Any CPU
		{C923D20D-6015-4A25-8582-A84C091FB010}.Debug|Any CPU.Build.0 = Debug|Any CPU
		{C923D20D-6015-4A25-8582-A84C091FB010}.Release|Any CPU.ActiveCfg = Release|Any CPU
		{C923D20D-6015-4A25-8582-A84C091FB010}.Release|Any CPU.Build.0 = Release|Any CPU
		{C8EB0A5C-1877-4068-B746-D500B697BD53}.Debug|Any CPU.ActiveCfg = Debug|Any CPU
		{C8EB0A5C-1877-4068-B746-D500B697BD53}.Debug|Any CPU.Build.0 = Debug|Any CPU
		{C8EB0A5C-1877-4068-B746-D500B697BD53}.Release|Any CPU.ActiveCfg = Release|Any CPU
		{C8EB0A5C-1877-4068-B746-D500B697BD53}.Release|Any CPU.Build.0 = Release|Any CPU
	EndGlobalSection
	GlobalSection(SolutionProperties) = preSolution
		HideSolutionNode = FALSE
	EndGlobalSection
EndGlobal
